// !$*UTF8*$!
{
	archiveVersion = 1;
	classes = {
	};
	objectVersion = 46;
	objects = {

/* Begin PBXBuildFile section */
		A15563A5BD94E9B06459A369 /* Pods_ad.framework in Frameworks */ = {isa = PBXBuildFile; fileRef = 6A6FCEA3E3C4271E880F2D34 /* Pods_ad.framework */; };
		E873B1FF1CB60AA900C764CF /* main.m in Sources */ = {isa = PBXBuildFile; fileRef = E873B1FE1CB60AA900C764CF /* main.m */; };
		E873B2021CB60AA900C764CF /* AppDelegate.m in Sources */ = {isa = PBXBuildFile; fileRef = E873B2011CB60AA900C764CF /* AppDelegate.m */; };
		E873B2051CB60AA900C764CF /* ViewController.m in Sources */ = {isa = PBXBuildFile; fileRef = E873B2041CB60AA900C764CF /* ViewController.m */; };
		E873B2081CB60AA900C764CF /* Main.storyboard in Resources */ = {isa = PBXBuildFile; fileRef = E873B2061CB60AA900C764CF /* Main.storyboard */; };
		E873B20A1CB60AA900C764CF /* Assets.xcassets in Resources */ = {isa = PBXBuildFile; fileRef = E873B2091CB60AA900C764CF /* Assets.xcassets */; };
		E873B20D1CB60AA900C764CF /* LaunchScreen.storyboard in Resources */ = {isa = PBXBuildFile; fileRef = E873B20B1CB60AA900C764CF /* LaunchScreen.storyboard */; };
		E873B2161CB60B3B00C764CF /* AlertDemoViewController.m in Sources */ = {isa = PBXBuildFile; fileRef = E873B2151CB60B3B00C764CF /* AlertDemoViewController.m */; };
		E8DCD28F1CBC9E62006509E7 /* CircleAnimationView.m in Sources */ = {isa = PBXBuildFile; fileRef = E8DCD2851CBC9E62006509E7 /* CircleAnimationView.m */; };
		E8DCD2901CBC9E62006509E7 /* CircleView.m in Sources */ = {isa = PBXBuildFile; fileRef = E8DCD2871CBC9E62006509E7 /* CircleView.m */; };
		E8DCD2911CBC9E62006509E7 /* CountLabel.m in Sources */ = {isa = PBXBuildFile; fileRef = E8DCD2891CBC9E62006509E7 /* CountLabel.m */; };
		E8DCD2921CBC9E62006509E7 /* PoAd.m in Sources */ = {isa = PBXBuildFile; fileRef = E8DCD28B1CBC9E62006509E7 /* PoAd.m */; };
/* End PBXBuildFile section */

/* Begin PBXFileReference section */
		1FB6ED70492DF0CDC79DE7C0 /* Pods-ad.release.xcconfig */ = {isa = PBXFileReference; includeInIndex = 1; lastKnownFileType = text.xcconfig; name = "Pods-ad.release.xcconfig"; path = "Target Support Files/Pods-ad/Pods-ad.release.xcconfig"; sourceTree = "<group>"; };
		68E39ACCA0C9D01374D39140 /* Pods-ad.debug.xcconfig */ = {isa = PBXFileReference; includeInIndex = 1; lastKnownFileType = text.xcconfig; name = "Pods-ad.debug.xcconfig"; path = "Target Support Files/Pods-ad/Pods-ad.debug.xcconfig"; sourceTree = "<group>"; };
		6A6FCEA3E3C4271E880F2D34 /* Pods_ad.framework */ = {isa = PBXFileReference; explicitFileType = wrapper.framework; includeInIndex = 0; path = Pods_ad.framework; sourceTree = BUILT_PRODUCTS_DIR; };
		E873B1FA1CB60AA900C764CF /* ad.app */ = {isa = PBXFileReference; explicitFileType = wrapper.application; includeInIndex = 0; path = ad.app; sourceTree = BUILT_PRODUCTS_DIR; };
		E873B1FE1CB60AA900C764CF /* main.m */ = {isa = PBXFileReference; lastKnownFileType = sourcecode.c.objc; path = main.m; sourceTree = "<group>"; };
		E873B2001CB60AA900C764CF /* AppDelegate.h */ = {isa = PBXFileReference; lastKnownFileType = sourcecode.c.h; path = AppDelegate.h; sourceTree = "<group>"; };
		E873B2011CB60AA900C764CF /* AppDelegate.m */ = {isa = PBXFileReference; lastKnownFileType = sourcecode.c.objc; path = AppDelegate.m; sourceTree = "<group>"; };
		E873B2031CB60AA900C764CF /* ViewController.h */ = {isa = PBXFileReference; lastKnownFileType = sourcecode.c.h; path = ViewController.h; sourceTree = "<group>"; };
		E873B2041CB60AA900C764CF /* ViewController.m */ = {isa = PBXFileReference; lastKnownFileType = sourcecode.c.objc; path = ViewController.m; sourceTree = "<group>"; };
		E873B2071CB60AA900C764CF /* Base */ = {isa = PBXFileReference; lastKnownFileType = file.storyboard; name = Base; path = Base.lproj/Main.storyboard; sourceTree = "<group>"; };
		E873B2091CB60AA900C764CF /* Assets.xcassets */ = {isa = PBXFileReference; lastKnownFileType = folder.assetcatalog; path = Assets.xcassets; sourceTree = "<group>"; };
		E873B20C1CB60AA900C764CF /* Base */ = {isa = PBXFileReference; lastKnownFileType = file.storyboard; name = Base; path = Base.lproj/LaunchScreen.storyboard; sourceTree = "<group>"; };
		E873B20E1CB60AA900C764CF /* Info.plist */ = {isa = PBXFileReference; lastKnownFileType = text.plist.xml; path = Info.plist; sourceTree = "<group>"; };
		E873B2141CB60B3B00C764CF /* AlertDemoViewController.h */ = {isa = PBXFileReference; fileEncoding = 4; lastKnownFileType = sourcecode.c.h; path = AlertDemoViewController.h; sourceTree = "<group>"; };
		E873B2151CB60B3B00C764CF /* AlertDemoViewController.m */ = {isa = PBXFileReference; fileEncoding = 4; lastKnownFileType = sourcecode.c.objc; path = AlertDemoViewController.m; sourceTree = "<group>"; };
		E8DCD2841CBC9E62006509E7 /* CircleAnimationView.h */ = {isa = PBXFileReference; fileEncoding = 4; lastKnownFileType = sourcecode.c.h; path = CircleAnimationView.h; sourceTree = "<group>"; };
		E8DCD2851CBC9E62006509E7 /* CircleAnimationView.m */ = {isa = PBXFileReference; fileEncoding = 4; lastKnownFileType = sourcecode.c.objc; path = CircleAnimationView.m; sourceTree = "<group>"; };
		E8DCD2861CBC9E62006509E7 /* CircleView.h */ = {isa = PBXFileReference; fileEncoding = 4; lastKnownFileType = sourcecode.c.h; path = CircleView.h; sourceTree = "<group>"; };
		E8DCD2871CBC9E62006509E7 /* CircleView.m */ = {isa = PBXFileReference; fileEncoding = 4; lastKnownFileType = sourcecode.c.objc; path = CircleView.m; sourceTree = "<group>"; };
		E8DCD2881CBC9E62006509E7 /* CountLabel.h */ = {isa = PBXFileReference; fileEncoding = 4; lastKnownFileType = sourcecode.c.h; path = CountLabel.h; sourceTree = "<group>"; };
		E8DCD2891CBC9E62006509E7 /* CountLabel.m */ = {isa = PBXFileReference; fileEncoding = 4; lastKnownFileType = sourcecode.c.objc; path = CountLabel.m; sourceTree = "<group>"; };
		E8DCD28A1CBC9E62006509E7 /* PoAd.h */ = {isa = PBXFileReference; fileEncoding = 4; lastKnownFileType = sourcecode.c.h; path = PoAd.h; sourceTree = "<group>"; };
		E8DCD28B1CBC9E62006509E7 /* PoAd.m */ = {isa = PBXFileReference; fileEncoding = 4; lastKnownFileType = sourcecode.c.objc; path = PoAd.m; sourceTree = "<group>"; };
/* End PBXFileReference section */

/* Begin PBXFrameworksBuildPhase section */
		E873B1F71CB60AA900C764CF /* Frameworks */ = {
			isa = PBXFrameworksBuildPhase;
			buildActionMask = 2147483647;
			files = (
				A15563A5BD94E9B06459A369 /* Pods_ad.framework in Frameworks */,
			);
			runOnlyForDeploymentPostprocessing = 0;
		};
/* End PBXFrameworksBuildPhase section */

/* Begin PBXGroup section */
		70D50F14F54F64B32137D74A /* Pods */ = {
			isa = PBXGroup;
			children = (
				68E39ACCA0C9D01374D39140 /* Pods-ad.debug.xcconfig */,
				1FB6ED70492DF0CDC79DE7C0 /* Pods-ad.release.xcconfig */,
			);
			path = Pods;
			sourceTree = "<group>";
		};
		721417908ACD5656F9EB0821 /* Frameworks */ = {
			isa = PBXGroup;
			children = (
				6A6FCEA3E3C4271E880F2D34 /* Pods_ad.framework */,
			);
			name = Frameworks;
			sourceTree = "<group>";
		};
		E873B1F11CB60AA900C764CF = {
			isa = PBXGroup;
			children = (
				E873B1FC1CB60AA900C764CF /* ad */,
				E873B1FB1CB60AA900C764CF /* Products */,
				70D50F14F54F64B32137D74A /* Pods */,
				721417908ACD5656F9EB0821 /* Frameworks */,
			);
			sourceTree = "<group>";
		};
		E873B1FB1CB60AA900C764CF /* Products */ = {
			isa = PBXGroup;
			children = (
				E873B1FA1CB60AA900C764CF /* ad.app */,
			);
			name = Products;
			sourceTree = "<group>";
		};
		E873B1FC1CB60AA900C764CF /* ad */ = {
			isa = PBXGroup;
			children = (
				E8DCD27E1CBC9E62006509E7 /* poAd */,
				E873B2001CB60AA900C764CF /* AppDelegate.h */,
				E873B2011CB60AA900C764CF /* AppDelegate.m */,
				E873B2141CB60B3B00C764CF /* AlertDemoViewController.h */,
				E873B2151CB60B3B00C764CF /* AlertDemoViewController.m */,
				E873B2031CB60AA900C764CF /* ViewController.h */,
				E873B2041CB60AA900C764CF /* ViewController.m */,
				E873B2061CB60AA900C764CF /* Main.storyboard */,
				E873B2091CB60AA900C764CF /* Assets.xcassets */,
				E873B20B1CB60AA900C764CF /* LaunchScreen.storyboard */,
				E873B20E1CB60AA900C764CF /* Info.plist */,
				E873B1FD1CB60AA900C764CF /* Supporting Files */,
			);
			path = ad;
			sourceTree = "<group>";
		};
		E873B1FD1CB60AA900C764CF /* Supporting Files */ = {
			isa = PBXGroup;
			children = (
				E873B1FE1CB60AA900C764CF /* main.m */,
			);
			name = "Supporting Files";
			sourceTree = "<group>";
		};
		E8DCD27E1CBC9E62006509E7 /* poAd */ = {
			isa = PBXGroup;
			children = (
				E8DCD2831CBC9E62006509E7 /* Circle */,
				E8DCD28A1CBC9E62006509E7 /* PoAd.h */,
				E8DCD28B1CBC9E62006509E7 /* PoAd.m */,
			);
			path = poAd;
			sourceTree = "<group>";
		};
		E8DCD2831CBC9E62006509E7 /* Circle */ = {
			isa = PBXGroup;
			children = (
				E8DCD2841CBC9E62006509E7 /* CircleAnimationView.h */,
				E8DCD2851CBC9E62006509E7 /* CircleAnimationView.m */,
				E8DCD2861CBC9E62006509E7 /* CircleView.h */,
				E8DCD2871CBC9E62006509E7 /* CircleView.m */,
				E8DCD2881CBC9E62006509E7 /* CountLabel.h */,
				E8DCD2891CBC9E62006509E7 /* CountLabel.m */,
			);
			path = Circle;
			sourceTree = "<group>";
		};
/* End PBXGroup section */

/* Begin PBXNativeTarget section */
		E873B1F91CB60AA900C764CF /* ad */ = {
			isa = PBXNativeTarget;
			buildConfigurationList = E873B2111CB60AA900C764CF /* Build configuration list for PBXNativeTarget "ad" */;
			buildPhases = (
				B9ED3D21394FC2E4DA0DF6E9 /* [CP] Check Pods Manifest.lock */,
				E873B1F61CB60AA900C764CF /* Sources */,
				E873B1F71CB60AA900C764CF /* Frameworks */,
				E873B1F81CB60AA900C764CF /* Resources */,
				3FA55B54076671B870CD7FD7 /* [CP] Embed Pods Frameworks */,
			);
			buildRules = (
			);
			dependencies = (
			);
			name = ad;
			productName = ad;
			productReference = E873B1FA1CB60AA900C764CF /* ad.app */;
			productType = "com.apple.product-type.application";
		};
/* End PBXNativeTarget section */

/* Begin PBXProject section */
		E873B1F21CB60AA900C764CF /* Project object */ = {
			isa = PBXProject;
			attributes = {
				LastUpgradeCheck = 0730;
				ORGANIZATIONNAME = policx;
				TargetAttributes = {
					E873B1F91CB60AA900C764CF = {
						CreatedOnToolsVersion = 7.3;
						ProvisioningStyle = Automatic;
					};
				};
			};
			buildConfigurationList = E873B1F51CB60AA900C764CF /* Build configuration list for PBXProject "ad" */;
			compatibilityVersion = "Xcode 3.2";
			developmentRegion = English;
			hasScannedForEncodings = 0;
			knownRegions = (
				English,
				en,
				Base,
			);
			mainGroup = E873B1F11CB60AA900C764CF;
			productRefGroup = E873B1FB1CB60AA900C764CF /* Products */;
			projectDirPath = "";
			projectRoot = "";
			targets = (
				E873B1F91CB60AA900C764CF /* ad */,
			);
		};
/* End PBXProject section */

/* Begin PBXResourcesBuildPhase section */
		E873B1F81CB60AA900C764CF /* Resources */ = {
			isa = PBXResourcesBuildPhase;
			buildActionMask = 2147483647;
			files = (
				E873B20D1CB60AA900C764CF /* LaunchScreen.storyboard in Resources */,
				E873B20A1CB60AA900C764CF /* Assets.xcassets in Resources */,
				E873B2081CB60AA900C764CF /* Main.storyboard in Resources */,
			);
			runOnlyForDeploymentPostprocessing = 0;
		};
/* End PBXResourcesBuildPhase section */

/* Begin PBXShellScriptBuildPhase section */
		3FA55B54076671B870CD7FD7 /* [CP] Embed Pods Frameworks */ = {
			isa = PBXShellScriptBuildPhase;
			buildActionMask = 2147483647;
			files = (
			);
			inputPaths = (
				"${PODS_ROOT}/Target Support Files/Pods-ad/Pods-ad-frameworks.sh",
				"${BUILT_PRODUCTS_DIR}/SDWebImage/SDWebImage.framework",
			);
			name = "[CP] Embed Pods Frameworks";
			outputPaths = (
				"${TARGET_BUILD_DIR}/${FRAMEWORKS_FOLDER_PATH}/SDWebImage.framework",
			);
			runOnlyForDeploymentPostprocessing = 0;
			shellPath = /bin/sh;
			shellScript = "\"${PODS_ROOT}/Target Support Files/Pods-ad/Pods-ad-frameworks.sh\"\n";
			showEnvVarsInLog = 0;
		};
		B9ED3D21394FC2E4DA0DF6E9 /* [CP] Check Pods Manifest.lock */ = {
			isa = PBXShellScriptBuildPhase;
			buildActionMask = 2147483647;
			files = (
			);
			inputFileListPaths = (
			);
			inputPaths = (
				"${PODS_PODFILE_DIR_PATH}/Podfile.lock",
				"${PODS_ROOT}/Manifest.lock",
			);
			name = "[CP] Check Pods Manifest.lock";
			outputFileListPaths = (
			);
			outputPaths = (
				"$(DERIVED_FILE_DIR)/Pods-ad-checkManifestLockResult.txt",
			);
			runOnlyForDeploymentPostprocessing = 0;
			shellPath = /bin/sh;
			shellScript = "diff \"${PODS_PODFILE_DIR_PATH}/Podfile.lock\" \"${PODS_ROOT}/Manifest.lock\" > /dev/null\nif [ $? != 0 ] ; then\n    # print error to STDERR\n    echo \"error: The sandbox is not in sync with the Podfile.lock. Run 'pod install' or update your CocoaPods installation.\" >&2\n    exit 1\nfi\n# This output is used by Xcode 'outputs' to avoid re-running this script phase.\necho \"SUCCESS\" > \"${SCRIPT_OUTPUT_FILE_0}\"\n";
			showEnvVarsInLog = 0;
		};
/* End PBXShellScriptBuildPhase section */

/* Begin PBXSourcesBuildPhase section */
		E873B1F61CB60AA900C764CF /* Sources */ = {
			isa = PBXSourcesBuildPhase;
			buildActionMask = 2147483647;
			files = (
				E8DCD2911CBC9E62006509E7 /* CountLabel.m in Sources */,
				E873B2161CB60B3B00C764CF /* AlertDemoViewController.m in Sources */,
				E873B2051CB60AA900C764CF /* ViewController.m in Sources */,
				E873B2021CB60AA900C764CF /* AppDelegate.m in Sources */,
				E8DCD2901CBC9E62006509E7 /* CircleView.m in Sources */,
				E8DCD2921CBC9E62006509E7 /* PoAd.m in Sources */,
				E873B1FF1CB60AA900C764CF /* main.m in Sources */,
				E8DCD28F1CBC9E62006509E7 /* CircleAnimationView.m in Sources */,
			);
			runOnlyForDeploymentPostprocessing = 0;
		};
/* End PBXSourcesBuildPhase section */

/* Begin PBXVariantGroup section */
		E873B2061CB60AA900C764CF /* Main.storyboard */ = {
			isa = PBXVariantGroup;
			children = (
				E873B2071CB60AA900C764CF /* Base */,
			);
			name = Main.storyboard;
			sourceTree = "<group>";
		};
		E873B20B1CB60AA900C764CF /* LaunchScreen.storyboard */ = {
			isa = PBXVariantGroup;
			children = (
				E873B20C1CB60AA900C764CF /* Base */,
			);
			name = LaunchScreen.storyboard;
			sourceTree = "<group>";
		};
/* End PBXVariantGroup section */

/* Begin XCBuildConfiguration section */
		E873B20F1CB60AA900C764CF /* Debug */ = {
			isa = XCBuildConfiguration;
			buildSettings = {
				ALWAYS_SEARCH_USER_PATHS = NO;
				CLANG_ANALYZER_NONNULL = YES;
				CLANG_CXX_LANGUAGE_STANDARD = "gnu++0x";
				CLANG_CXX_LIBRARY = "libc++";
				CLANG_ENABLE_MODULES = YES;
				CLANG_ENABLE_OBJC_ARC = YES;
				CLANG_WARN_BOOL_CONVERSION = YES;
				CLANG_WARN_CONSTANT_CONVERSION = YES;
				CLANG_WARN_DIRECT_OBJC_ISA_USAGE = YES_ERROR;
				CLANG_WARN_EMPTY_BODY = YES;
				CLANG_WARN_ENUM_CONVERSION = YES;
				CLANG_WARN_INT_CONVERSION = YES;
				CLANG_WARN_OBJC_ROOT_CLASS = YES_ERROR;
				CLANG_WARN_UNREACHABLE_CODE = YES;
				CLANG_WARN__DUPLICATE_METHOD_MATCH = YES;
				"CODE_SIGN_IDENTITY[sdk=iphoneos*]" = "iPhone Developer";
				COPY_PHASE_STRIP = NO;
				DEBUG_INFORMATION_FORMAT = dwarf;
				ENABLE_STRICT_OBJC_MSGSEND = YES;
				ENABLE_TESTABILITY = YES;
				GCC_C_LANGUAGE_STANDARD = gnu99;
				GCC_DYNAMIC_NO_PIC = NO;
				GCC_NO_COMMON_BLOCKS = YES;
				GCC_OPTIMIZATION_LEVEL = 0;
				GCC_PREPROCESSOR_DEFINITIONS = (
					"DEBUG=1",
					"$(inherited)",
				);
				GCC_WARN_64_TO_32_BIT_CONVERSION = YES;
				GCC_WARN_ABOUT_RETURN_TYPE = YES_ERROR;
				GCC_WARN_UNDECLARED_SELECTOR = YES;
				GCC_WARN_UNINITIALIZED_AUTOS = YES_AGGRESSIVE;
				GCC_WARN_UNUSED_FUNCTION = YES;
				GCC_WARN_UNUSED_VARIABLE = YES;
				IPHONEOS_DEPLOYMENT_TARGET = 10.0;
				MTL_ENABLE_DEBUG_INFO = YES;
				ONLY_ACTIVE_ARCH = YES;
				SDKROOT = iphoneos;
			};
			name = Debug;
		};
		E873B2101CB60AA900C764CF /* Release */ = {
			isa = XCBuildConfiguration;
			buildSettings = {
				ALWAYS_SEARCH_USER_PATHS = NO;
				CLANG_ANALYZER_NONNULL = YES;
				CLANG_CXX_LANGUAGE_STANDARD = "gnu++0x";
				CLANG_CXX_LIBRARY = "libc++";
				CLANG_ENABLE_MODULES = YES;
				CLANG_ENABLE_OBJC_ARC = YES;
				CLANG_WARN_BOOL_CONVERSION = YES;
				CLANG_WARN_CONSTANT_CONVERSION = YES;
				CLANG_WARN_DIRECT_OBJC_ISA_USAGE = YES_ERROR;
				CLANG_WARN_EMPTY_BODY = YES;
				CLANG_WARN_ENUM_CONVERSION = YES;
				CLANG_WARN_INT_CONVERSION = YES;
				CLANG_WARN_OBJC_ROOT_CLASS = YES_ERROR;
				CLANG_WARN_UNREACHABLE_CODE = YES;
				CLANG_WARN__DUPLICATE_METHOD_MATCH = YES;
				"CODE_SIGN_IDENTITY[sdk=iphoneos*]" = "iPhone Developer";
				COPY_PHASE_STRIP = NO;
				DEBUG_INFORMATION_FORMAT = "dwarf-with-dsym";
				ENABLE_NS_ASSERTIONS = NO;
				ENABLE_STRICT_OBJC_MSGSEND = YES;
				GCC_C_LANGUAGE_STANDARD = gnu99;
				GCC_NO_COMMON_BLOCKS = YES;
				GCC_WARN_64_TO_32_BIT_CONVERSION = YES;
				GCC_WARN_ABOUT_RETURN_TYPE = YES_ERROR;
				GCC_WARN_UNDECLARED_SELECTOR = YES;
				GCC_WARN_UNINITIALIZED_AUTOS = YES_AGGRESSIVE;
				GCC_WARN_UNUSED_FUNCTION = YES;
				GCC_WARN_UNUSED_VARIABLE = YES;
				IPHONEOS_DEPLOYMENT_TARGET = 10.0;
				MTL_ENABLE_DEBUG_INFO = NO;
				SDKROOT = iphoneos;
				VALIDATE_PRODUCT = YES;
			};
			name = Release;
		};
		E873B2121CB60AA900C764CF /* Debug */ = {
			isa = XCBuildConfiguration;
			baseConfigurationReference = 68E39ACCA0C9D01374D39140 /* Pods-ad.debug.xcconfig */;
			buildSettings = {
				ASSETCATALOG_COMPILER_APPICON_NAME = AppIcon;
				CODE_SIGN_IDENTITY = "Apple Development";
				CODE_SIGN_STYLE = Automatic;
				DEVELOPMENT_TEAM = "";
				INFOPLIST_FILE = ad/Info.plist;
				IPHONEOS_DEPLOYMENT_TARGET = 10.0;
				LD_RUNPATH_SEARCH_PATHS = "$(inherited) @executable_path/Frameworks";
				PRODUCT_BUNDLE_IDENTIFIER = com.apple.demo;
				PRODUCT_NAME = "$(TARGET_NAME)";
				PROVISIONING_PROFILE_SPECIFIER = "";
			};
			name = Debug;
		};
		E873B2131CB60AA900C764CF /* Release */ = {
			isa = XCBuildConfiguration;
			baseConfigurationReference = 1FB6ED70492DF0CDC79DE7C0 /* Pods-ad.release.xcconfig */;
			buildSettings = {
				ASSETCATALOG_COMPILER_APPICON_NAME = AppIcon;
				CODE_SIGN_IDENTITY = "Apple Development";
				CODE_SIGN_STYLE = Automatic;
				DEVELOPMENT_TEAM = "";
				INFOPLIST_FILE = ad/Info.plist;
				IPHONEOS_DEPLOYMENT_TARGET = 10.0;
				LD_RUNPATH_SEARCH_PATHS = "$(inherited) @executable_path/Frameworks";
				PRODUCT_BUNDLE_IDENTIFIER = com.apple.demo;
				PRODUCT_NAME = "$(TARGET_NAME)";
				PROVISIONING_PROFILE_SPECIFIER = "";
			};
			name = Release;
		};
/* End XCBuildConfiguration section */

/* Begin XCConfigurationList section */
		E873B1F51CB60AA900C764CF /* Build configuration list for PBXProject "ad" */ = {
			isa = XCConfigurationList;
			buildConfigurations = (
				E873B20F1CB60AA900C764CF /* Debug */,
				E873B2101CB60AA900C764CF /* Release */,
			);
			defaultConfigurationIsVisible = 0;
			defaultConfigurationName = Release;
		};
		E873B2111CB60AA900C764CF /* Build configuration list for PBXNativeTarget "ad" */ = {
			isa = XCConfigurationList;
			buildConfigurations = (
				E873B2121CB60AA900C764CF /* Debug */,
				E873B2131CB60AA900C764CF /* Release */,
			);
			defaultConfigurationIsVisible = 0;
			defaultConfigurationName = Release;
		};
/* End XCConfigurationList section */
	};
	rootObject = E873B1F21CB60AA900C764CF /* Project object */;
}
